schema: '2.0'
stages:
  update_raw:
    cmd: rclone sync  -P --filter "- /salm_dataset*/**" --filter "+ *.json" 
      --filter "- *.zip" aws:salmonvision-ml-datasets/rgb/raw/ 
      data/01_raw/labelstudio_annos
    deps:
    - path: s3://salmonvision-ml-datasets/rgb/raw
      hash: md5
      md5: 9aab20758f57f39971a38c9a676dad27.dir
      size: 720238505
      nfiles: 65
    outs:
    - path: data/01_raw/labelstudio_annos
      hash: md5
      md5: 188b71c31be326fe36d209cc52c23337.dir
      size: 379352848
      nfiles: 50
  split_data:
    cmd: rm -r data/02_interim/yolo_annos_unpacked; scripts/unpack_annos.sh 
      data/02_interim/yolo_annos data/02_interim/yolo_annos_unpacked && 
      scripts/make_splits.py --labels-root data/02_interim/yolo_annos_unpacked 
      --out-dir data/03_processed/splits_baseline --sites tankeeah kitwanga bear
      --seed 42 --train-frac 0.8 --val-frac 0.1 --test-frac 0.1
    deps:
    - path: data/01_raw/salmon_vid_counts.csv
      hash: md5
      md5: b6136eee30a358d7473a160197bc91be
      size: 6465051
    - path: data/01_raw/salmon_vid_counts_summary.csv
      hash: md5
      md5: c65c2ba8214d26905ccb9608e9071b93
      size: 1031
    - path: data/01_raw/sv_water_conditions
      hash: md5
      md5: 44403010d10d741a8e00e52c93be6c39.dir
      size: 195622
      nfiles: 10
    - path: data/02_interim/yolo_annos
      hash: md5
      md5: a65beddacd3a0ceefa39225176c78f6c.dir
      size: 307039754
      nfiles: 5
    - path: scripts/make_splits.py
      hash: md5
      md5: 3921729fec8a5aa6c1eb25c54196a658
      size: 650
    - path: src/object_detection/splits
      hash: md5
      md5: 8ca8d1d4f2962a0e27f6fd50da90a8d2.dir
      size: 35847
      nfiles: 6
    outs:
    - path: data/03_processed/splits_baseline
      hash: md5
      md5: c1535b54178c37a23abf827b656afa19.dir
      size: 16780687
      nfiles: 5
  build_model_input:
    cmd: scripts/yolo_converter_ls_video.py data/01_raw/labelstudio_annos 
      --data-yaml config/salmon_yolo.yaml --out data/02_interim/yolo_annos 
      --out-shards data/02_interim/yolo_annos --empty-list 
      data/02_interim/yolo_annos/empty_vids.txt --shard-size 100000 --pattern 
      '**/*.json' --include-sites tankeeah kitwanga bear --frame-stride 3 
      --frame-offset-mode video_hash --include-negatives --negative-ratio 0.10 
      --negatives-per-video 10
    deps:
    - path: config/salmon_yolo.yaml
      hash: md5
      md5: f453f5dc54f1743eaedcc3ab117d269e
      size: 547
    - path: data/01_raw/labelstudio_annos
      hash: md5
      md5: 188b71c31be326fe36d209cc52c23337.dir
      size: 379352848
      nfiles: 50
    - path: scripts/yolo_converter_ls_video.py
      hash: md5
      md5: 95696514ec77c20c6491c5af2ccb46a5
      size: 118
    - path: src/object_detection/yolo_ls
      hash: md5
      md5: f1b6f977a5c7acd7e5d66ca2fec33d69.dir
      size: 52048
      nfiles: 10
    outs:
    - path: data/02_interim/yolo_annos
      hash: md5
      md5: a65beddacd3a0ceefa39225176c78f6c.dir
      size: 307039754
      nfiles: 5
  unpack_annos:
    cmd: rm -r data/02_interim/yolo_annos_unpacked || scripts/unpack_annos.sh 
      data/02_interim/yolo_annos data/02_interim/yolo_annos_unpacked
    deps:
    - path: data/02_interim/yolo_annos
      hash: md5
      md5: 473a8eedf5fd4cc5d5b8b6d1f80681e7.dir
      size: 293713920
      nfiles: 3
